
Microsoft Visual Studio Solution File, Format Version 12.00
# Visual Studio Version 17
VisualStudioVersion = 17.6.33723.286
MinimumVisualStudioVersion = 10.0.40219.1
Project("{FAE04EC0-301F-11D3-BF4B-00C04F79EFBC}") = "Practical_Of_Encapsulation", "Practical_Of_Encapsulation\Practical_Of_Encapsulation.csproj", "{05376459-E9F3-4EB2-BA35-3D69B5FB9D11}"
EndProject
Global
	GlobalSection(SolutionConfigurationPlatforms) = preSolution
		Debug|Any CPU = Debug|Any CPU
		Release|Any CPU = Release|Any CPU
	EndGlobalSection
	GlobalSection(ProjectConfigurationPlatforms) = postSolution
		{05376459-E9F3-4EB2-BA35-3D69B5FB9D11}.Debug|Any CPU.ActiveCfg = Debug|Any CPU
		{05376459-E9F3-4EB2-BA35-3D69B5FB9D11}.Debug|Any CPU.Build.0 = Debug|Any CPU
		{05376459-E9F3-4EB2-BA35-3D69B5FB9D11}.Release|Any CPU.ActiveCfg = Release|Any CPU
		{05376459-E9F3-4EB2-BA35-3D69B5FB9D11}.Release|Any CPU.Build.0 = Release|Any CPU
	EndGlobalSection
	GlobalSection(SolutionProperties) = preSolution
		HideSolutionNode = FALSE
	EndGlobalSection
	GlobalSection(ExtensibilityGlobals) = postSolution
		SolutionGuid = {DBA3398D-5F6D-494E-9A47-50E00E581AE6}
	EndGlobalSection
EndGlobal
