
Microsoft Visual Studio Solution File, Format Version 12.00
# Visual Studio Version 17
VisualStudioVersion = 17.6.33723.286
MinimumVisualStudioVersion = 10.0.40219.1
Project("{FAE04EC0-301F-11D3-BF4B-00C04F79EFBC}") = "Practical_4_Do_While", "Practical_4_Do_While\Practical_4_Do_While.csproj", "{C99B48D7-3EB3-4763-A56D-298E8C46C37D}"
EndProject
Global
	GlobalSection(SolutionConfigurationPlatforms) = preSolution
		Debug|Any CPU = Debug|Any CPU
		Release|Any CPU = Release|Any CPU
	EndGlobalSection
	GlobalSection(ProjectConfigurationPlatforms) = postSolution
		{C99B48D7-3EB3-4763-A56D-298E8C46C37D}.Debug|Any CPU.ActiveCfg = Debug|Any CPU
		{C99B48D7-3EB3-4763-A56D-298E8C46C37D}.Debug|Any CPU.Build.0 = Debug|Any CPU
		{C99B48D7-3EB3-4763-A56D-298E8C46C37D}.Release|Any CPU.ActiveCfg = Release|Any CPU
		{C99B48D7-3EB3-4763-A56D-298E8C46C37D}.Release|Any CPU.Build.0 = Release|Any CPU
	EndGlobalSection
	GlobalSection(SolutionProperties) = preSolution
		HideSolutionNode = FALSE
	EndGlobalSection
	GlobalSection(ExtensibilityGlobals) = postSolution
		SolutionGuid = {FFFB5535-01F6-4348-897F-58A4E75876D9}
	EndGlobalSection
EndGlobal
