
Microsoft Visual Studio Solution File, Format Version 12.00
# Visual Studio Version 17
VisualStudioVersion = 17.6.33723.286
MinimumVisualStudioVersion = 10.0.40219.1
Project("{FAE04EC0-301F-11D3-BF4B-00C04F79EFBC}") = "Practical_9_ Wrapper_Classes", "Practical_9_ Wrapper_Classes\Practical_9_ Wrapper_Classes.csproj", "{AB2AF1C6-B585-4146-8C28-6F09F0984207}"
EndProject
Global
	GlobalSection(SolutionConfigurationPlatforms) = preSolution
		Debug|Any CPU = Debug|Any CPU
		Release|Any CPU = Release|Any CPU
	EndGlobalSection
	GlobalSection(ProjectConfigurationPlatforms) = postSolution
		{AB2AF1C6-B585-4146-8C28-6F09F0984207}.Debug|Any CPU.ActiveCfg = Debug|Any CPU
		{AB2AF1C6-B585-4146-8C28-6F09F0984207}.Debug|Any CPU.Build.0 = Debug|Any CPU
		{AB2AF1C6-B585-4146-8C28-6F09F0984207}.Release|Any CPU.ActiveCfg = Release|Any CPU
		{AB2AF1C6-B585-4146-8C28-6F09F0984207}.Release|Any CPU.Build.0 = Release|Any CPU
	EndGlobalSection
	GlobalSection(SolutionProperties) = preSolution
		HideSolutionNode = FALSE
	EndGlobalSection
	GlobalSection(ExtensibilityGlobals) = postSolution
		SolutionGuid = {9A96D6FC-838E-4171-A86B-355A7DDF898C}
	EndGlobalSection
EndGlobal
