
Microsoft Visual Studio Solution File, Format Version 12.00
# Visual Studio Version 17
VisualStudioVersion = 17.6.33723.286
MinimumVisualStudioVersion = 10.0.40219.1
Project("{FAE04EC0-301F-11D3-BF4B-00C04F79EFBC}") = "Practical_23_Upload_Image", "Practical_23_Upload_Image\Practical_23_Upload_Image.csproj", "{03633448-7B06-4697-8E87-342CB6EA8E15}"
EndProject
Global
	GlobalSection(SolutionConfigurationPlatforms) = preSolution
		Debug|Any CPU = Debug|Any CPU
		Release|Any CPU = Release|Any CPU
	EndGlobalSection
	GlobalSection(ProjectConfigurationPlatforms) = postSolution
		{03633448-7B06-4697-8E87-342CB6EA8E15}.Debug|Any CPU.ActiveCfg = Debug|Any CPU
		{03633448-7B06-4697-8E87-342CB6EA8E15}.Debug|Any CPU.Build.0 = Debug|Any CPU
		{03633448-7B06-4697-8E87-342CB6EA8E15}.Release|Any CPU.ActiveCfg = Release|Any CPU
		{03633448-7B06-4697-8E87-342CB6EA8E15}.Release|Any CPU.Build.0 = Release|Any CPU
	EndGlobalSection
	GlobalSection(SolutionProperties) = preSolution
		HideSolutionNode = FALSE
	EndGlobalSection
	GlobalSection(ExtensibilityGlobals) = postSolution
		SolutionGuid = {EC068609-628D-4CC2-BA03-F701BC14055C}
	EndGlobalSection
EndGlobal
